Microsoft Visual Studio Solution File, Format Version 11.00
# Visual Studio 2010
Project("{FAE04EC0-301F-11D3-BF4B-00C04F79EFBC}") = "ME", "ME.csproj", "{8AC6FB29-7068-4785-A380-6E07E959EC1C}"
EndProject
Global
	GlobalSection(SolutionConfigurationPlatforms) = preSolution
		Debug|Any CPU = Debug|Any CPU
		Release|Any CPU = Release|Any CPU
	EndGlobalSection
	GlobalSection(ProjectConfigurationPlatforms) = postSolution
		{8AC6FB29-7068-4785-A380-6E07E959EC1C}.Debug|Any CPU.ActiveCfg = Debug|Any CPU
		{8AC6FB29-7068-4785-A380-6E07E959EC1C}.Debug|Any CPU.Build.0 = Debug|Any CPU
		{8AC6FB29-7068-4785-A380-6E07E959EC1C}.Release|Any CPU.ActiveCfg = Release|Any CPU
		{8AC6FB29-7068-4785-A380-6E07E959EC1C}.Release|Any CPU.Build.0 = Release|Any CPU
	EndGlobalSection
	GlobalSection(SolutionProperties) = preSolution
		HideSolutionNode = FALSE
	EndGlobalSection
EndGlobal
